// !$*UTF8*$!
{
	archiveVersion = 1;
	classes = {
	};
	objectVersion = 50;
	objects = {

/* Begin PBXBuildFile section */
		71C417F3255530B600FAD5B2 /* AppDelegate.swift in Sources */ = {isa = PBXBuildFile; fileRef = 71C417F2255530B600FAD5B2 /* AppDelegate.swift */; };
		71C417F5255530B600FAD5B2 /* SceneDelegate.swift in Sources */ = {isa = PBXBuildFile; fileRef = 71C417F4255530B600FAD5B2 /* SceneDelegate.swift */; };
		71C417F7255530B600FAD5B2 /* ViewController.swift in Sources */ = {isa = PBXBuildFile; fileRef = 71C417F6255530B600FAD5B2 /* ViewController.swift */; };
		71C417FA255530B600FAD5B2 /* Main.storyboard in Resources */ = {isa = PBXBuildFile; fileRef = 71C417F8255530B600FAD5B2 /* Main.storyboard */; };
		71C417FC255530B900FAD5B2 /* Assets.xcassets in Resources */ = {isa = PBXBuildFile; fileRef = 71C417FB255530B900FAD5B2 /* Assets.xcassets */; };
		71C417FF255530B900FAD5B2 /* LaunchScreen.storyboard in Resources */ = {isa = PBXBuildFile; fileRef = 71C417FD255530B900FAD5B2 /* LaunchScreen.storyboard */; };
		71C4180A255530B900FAD5B2 /* HelloGitHubTests.swift in Sources */ = {isa = PBXBuildFile; fileRef = 71C41809255530B900FAD5B2 /* HelloGitHubTests.swift */; };
		71C41815255530B900FAD5B2 /* HelloGitHubUITests.swift in Sources */ = {isa = PBXBuildFile; fileRef = 71C41814255530B900FAD5B2 /* HelloGitHubUITests.swift */; };
/* End PBXBuildFile section */

/* Begin PBXContainerItemProxy section */
		71C41806255530B900FAD5B2 /* PBXContainerItemProxy */ = {
			isa = PBXContainerItemProxy;
			containerPortal = 71C417E7255530B600FAD5B2 /* Project object */;
			proxyType = 1;
			remoteGlobalIDString = 71C417EE255530B600FAD5B2;
			remoteInfo = HelloGitHub;
		};
		71C41811255530B900FAD5B2 /* PBXContainerItemProxy */ = {
			isa = PBXContainerItemProxy;
			containerPortal = 71C417E7255530B600FAD5B2 /* Project object */;
			proxyType = 1;
			remoteGlobalIDString = 71C417EE255530B600FAD5B2;
			remoteInfo = HelloGitHub;
		};
/* End PBXContainerItemProxy section */

/* Begin PBXFileReference section */
		71C417EF255530B600FAD5B2 /* HelloGitHub.app */ = {isa = PBXFileReference; explicitFileType = wrapper.application; includeInIndex = 0; path = HelloGitHub.app; sourceTree = BUILT_PRODUCTS_DIR; };
		71C417F2255530B600FAD5B2 /* AppDelegate.swift */ = {isa = PBXFileReference; lastKnownFileType = sourcecode.swift; path = AppDelegate.swift; sourceTree = "<group>"; };
		71C417F4255530B600FAD5B2 /* SceneDelegate.swift */ = {isa = PBXFileReference; lastKnownFileType = sourcecode.swift; path = SceneDelegate.swift; sourceTree = "<group>"; };
		71C417F6255530B600FAD5B2 /* ViewController.swift */ = {isa = PBXFileReference; lastKnownFileType = sourcecode.swift; path = ViewController.swift; sourceTree = "<group>"; };
		71C417F9255530B600FAD5B2 /* Base */ = {isa = PBXFileReference; lastKnownFileType = file.storyboard; name = Base; path = Base.lproj/Main.storyboard; sourceTree = "<group>"; };
		71C417FB255530B900FAD5B2 /* Assets.xcassets */ = {isa = PBXFileReference; lastKnownFileType = folder.assetcatalog; path = Assets.xcassets; sourceTree = "<group>"; };
		71C417FE255530B900FAD5B2 /* Base */ = {isa = PBXFileReference; lastKnownFileType = file.storyboard; name = Base; path = Base.lproj/LaunchScreen.storyboard; sourceTree = "<group>"; };
		71C41800255530B900FAD5B2 /* Info.plist */ = {isa = PBXFileReference; lastKnownFileType = text.plist.xml; path = Info.plist; sourceTree = "<group>"; };
		71C41805255530B900FAD5B2 /* HelloGitHubTests.xctest */ = {isa = PBXFileReference; explicitFileType = wrapper.cfbundle; includeInIndex = 0; path = HelloGitHubTests.xctest; sourceTree = BUILT_PRODUCTS_DIR; };
		71C41809255530B900FAD5B2 /* HelloGitHubTests.swift */ = {isa = PBXFileReference; lastKnownFileType = sourcecode.swift; path = HelloGitHubTests.swift; sourceTree = "<group>"; };
		71C4180B255530B900FAD5B2 /* Info.plist */ = {isa = PBXFileReference; lastKnownFileType = text.plist.xml; path = Info.plist; sourceTree = "<group>"; };
		71C41810255530B900FAD5B2 /* HelloGitHubUITests.xctest */ = {isa = PBXFileReference; explicitFileType = wrapper.cfbundle; includeInIndex = 0; path = HelloGitHubUITests.xctest; sourceTree = BUILT_PRODUCTS_DIR; };
		71C41814255530B900FAD5B2 /* HelloGitHubUITests.swift */ = {isa = PBXFileReference; lastKnownFileType = sourcecode.swift; path = HelloGitHubUITests.swift; sourceTree = "<group>"; };
		71C41816255530B900FAD5B2 /* Info.plist */ = {isa = PBXFileReference; lastKnownFileType = text.plist.xml; path = Info.plist; sourceTree = "<group>"; };
/* End PBXFileReference section */

/* Begin PBXFrameworksBuildPhase section */
		71C417EC255530B600FAD5B2 /* Frameworks */ = {
			isa = PBXFrameworksBuildPhase;
			buildActionMask = 2147483647;
			files = (
			);
			runOnlyForDeploymentPostprocessing = 0;
		};
		71C41802255530B900FAD5B2 /* Frameworks */ = {
			isa = PBXFrameworksBuildPhase;
			buildActionMask = 2147483647;
			files = (
			);
			runOnlyForDeploymentPostprocessing = 0;
		};
		71C4180D255530B900FAD5B2 /* Frameworks */ = {
			isa = PBXFrameworksBuildPhase;
			buildActionMask = 2147483647;
			files = (
			);
			runOnlyForDeploymentPostprocessing = 0;
		};
/* End PBXFrameworksBuildPhase section */

/* Begin PBXGroup section */
		71C417E6255530B600FAD5B2 = {
			isa = PBXGroup;
			children = (
				71C417F1255530B600FAD5B2 /* HelloGitHub */,
				71C41808255530B900FAD5B2 /* HelloGitHubTests */,
				71C41813255530B900FAD5B2 /* HelloGitHubUITests */,
				71C417F0255530B600FAD5B2 /* Products */,
			);
			sourceTree = "<group>";
		};
		71C417F0255530B600FAD5B2 /* Products */ = {
			isa = PBXGroup;
			children = (
				71C417EF255530B600FAD5B2 /* HelloGitHub.app */,
				71C41805255530B900FAD5B2 /* HelloGitHubTests.xctest */,
				71C41810255530B900FAD5B2 /* HelloGitHubUITests.xctest */,
			);
			name = Products;
			sourceTree = "<group>";
		};
		71C417F1255530B600FAD5B2 /* HelloGitHub */ = {
			isa = PBXGroup;
			children = (
				71C417F2255530B600FAD5B2 /* AppDelegate.swift */,
				71C417F4255530B600FAD5B2 /* SceneDelegate.swift */,
				71C417F6255530B600FAD5B2 /* ViewController.swift */,
				71C417F8255530B600FAD5B2 /* Main.storyboard */,
				71C417FB255530B900FAD5B2 /* Assets.xcassets */,
				71C417FD255530B900FAD5B2 /* LaunchScreen.storyboard */,
				71C41800255530B900FAD5B2 /* Info.plist */,
			);
			path = HelloGitHub;
			sourceTree = "<group>";
		};
		71C41808255530B900FAD5B2 /* HelloGitHubTests */ = {
			isa = PBXGroup;
			children = (
				71C41809255530B900FAD5B2 /* HelloGitHubTests.swift */,
				71C4180B255530B900FAD5B2 /* Info.plist */,
			);
			path = HelloGitHubTests;
			sourceTree = "<group>";
		};
		71C41813255530B900FAD5B2 /* HelloGitHubUITests */ = {
			isa = PBXGroup;
			children = (
				71C41814255530B900FAD5B2 /* HelloGitHubUITests.swift */,
				71C41816255530B900FAD5B2 /* Info.plist */,
			);
			path = HelloGitHubUITests;
			sourceTree = "<group>";
		};
/* End PBXGroup section */

/* Begin PBXNativeTarget section */
		71C417EE255530B600FAD5B2 /* HelloGitHub */ = {
			isa = PBXNativeTarget;
			buildConfigurationList = 71C41819255530B900FAD5B2 /* Build configuration list for PBXNativeTarget "HelloGitHub" */;
			buildPhases = (
				71C417EB255530B600FAD5B2 /* Sources */,
				71C417EC255530B600FAD5B2 /* Frameworks */,
				71C417ED255530B600FAD5B2 /* Resources */,
			);
			buildRules = (
			);
			dependencies = (
			);
			name = HelloGitHub;
			productName = HelloGitHub;
			productReference = 71C417EF255530B600FAD5B2 /* HelloGitHub.app */;
			productType = "com.apple.product-type.application";
		};
		71C41804255530B900FAD5B2 /* HelloGitHubTests */ = {
			isa = PBXNativeTarget;
			buildConfigurationList = 71C4181C255530B900FAD5B2 /* Build configuration list for PBXNativeTarget "HelloGitHubTests" */;
			buildPhases = (
				71C41801255530B900FAD5B2 /* Sources */,
				71C41802255530B900FAD5B2 /* Frameworks */,
				71C41803255530B900FAD5B2 /* Resources */,
			);
			buildRules = (
			);
			dependencies = (
				71C41807255530B900FAD5B2 /* PBXTargetDependency */,
			);
			name = HelloGitHubTests;
			productName = HelloGitHubTests;
			productReference = 71C41805255530B900FAD5B2 /* HelloGitHubTests.xctest */;
			productType = "com.apple.product-type.bundle.unit-test";
		};
		71C4180F255530B900FAD5B2 /* HelloGitHubUITests */ = {
			isa = PBXNativeTarget;
			buildConfigurationList = 71C4181F255530B900FAD5B2 /* Build configuration list for PBXNativeTarget "HelloGitHubUITests" */;
			buildPhases = (
				71C4180C255530B900FAD5B2 /* Sources */,
				71C4180D255530B900FAD5B2 /* Frameworks */,
				71C4180E255530B900FAD5B2 /* Resources */,
			);
			buildRules = (
			);
			dependencies = (
				71C41812255530B900FAD5B2 /* PBXTargetDependency */,
			);
			name = HelloGitHubUITests;
			productName = HelloGitHubUITests;
			productReference = 71C41810255530B900FAD5B2 /* HelloGitHubUITests.xctest */;
			productType = "com.apple.product-type.bundle.ui-testing";
		};
/* End PBXNativeTarget section */

/* Begin PBXProject section */
		71C417E7255530B600FAD5B2 /* Project object */ = {
			isa = PBXProject;
			attributes = {
				LastSwiftUpdateCheck = 1210;
				LastUpgradeCheck = 1210;
				TargetAttributes = {
					71C417EE255530B600FAD5B2 = {
						CreatedOnToolsVersion = 12.1;
					};
					71C41804255530B900FAD5B2 = {
						CreatedOnToolsVersion = 12.1;
						TestTargetID = 71C417EE255530B600FAD5B2;
					};
					71C4180F255530B900FAD5B2 = {
						CreatedOnToolsVersion = 12.1;
						TestTargetID = 71C417EE255530B600FAD5B2;
					};
				};
			};
			buildConfigurationList = 71C417EA255530B600FAD5B2 /* Build configuration list for PBXProject "HelloGitHub" */;
			compatibilityVersion = "Xcode 9.3";
			developmentRegion = en;
			hasScannedForEncodings = 0;
			knownRegions = (
				en,
				Base,
			);
			mainGroup = 71C417E6255530B600FAD5B2;
			productRefGroup = 71C417F0255530B600FAD5B2 /* Products */;
			projectDirPath = "";
			projectRoot = "";
			targets = (
				71C417EE255530B600FAD5B2 /* HelloGitHub */,
				71C41804255530B900FAD5B2 /* HelloGitHubTests */,
				71C4180F255530B900FAD5B2 /* HelloGitHubUITests */,
			);
		};
/* End PBXProject section */

/* Begin PBXResourcesBuildPhase section */
		71C417ED255530B600FAD5B2 /* Resources */ = {
			isa = PBXResourcesBuildPhase;
			buildActionMask = 2147483647;
			files = (
				71C417FF255530B900FAD5B2 /* LaunchScreen.storyboard in Resources */,
				71C417FC255530B900FAD5B2 /* Assets.xcassets in Resources */,
				71C417FA255530B600FAD5B2 /* Main.storyboard in Resources */,
			);
			runOnlyForDeploymentPostprocessing = 0;
		};
		71C41803255530B900FAD5B2 /* Resources */ = {
			isa = PBXResourcesBuildPhase;
			buildActionMask = 2147483647;
			files = (
			);
			runOnlyForDeploymentPostprocessing = 0;
		};
		71C4180E255530B900FAD5B2 /* Resources */ = {
			isa = PBXResourcesBuildPhase;
			buildActionMask = 2147483647;
			files = (
			);
			runOnlyForDeploymentPostprocessing = 0;
		};
/* End PBXResourcesBuildPhase section */

/* Begin PBXSourcesBuildPhase section */
		71C417EB255530B600FAD5B2 /* Sources */ = {
			isa = PBXSourcesBuildPhase;
			buildActionMask = 2147483647;
			files = (
				71C417F7255530B600FAD5B2 /* ViewController.swift in Sources */,
				71C417F3255530B600FAD5B2 /* AppDelegate.swift in Sources */,
				71C417F5255530B600FAD5B2 /* SceneDelegate.swift in Sources */,
			);
			runOnlyForDeploymentPostprocessing = 0;
		};
		71C41801255530B900FAD5B2 /* Sources */ = {
			isa = PBXSourcesBuildPhase;
			buildActionMask = 2147483647;
			files = (
				71C4180A255530B900FAD5B2 /* HelloGitHubTests.swift in Sources */,
			);
			runOnlyForDeploymentPostprocessing = 0;
		};
		71C4180C255530B900FAD5B2 /* Sources */ = {
			isa = PBXSourcesBuildPhase;
			buildActionMask = 2147483647;
			files = (
				71C41815255530B900FAD5B2 /* HelloGitHubUITests.swift in Sources */,
			);
			runOnlyForDeploymentPostprocessing = 0;
		};
/* End PBXSourcesBuildPhase section */

/* Begin PBXTargetDependency section */
		71C41807255530B900FAD5B2 /* PBXTargetDependency */ = {
			isa = PBXTargetDependency;
			target = 71C417EE255530B600FAD5B2 /* HelloGitHub */;
			targetProxy = 71C41806255530B900FAD5B2 /* PBXContainerItemProxy */;
		};
		71C41812255530B900FAD5B2 /* PBXTargetDependency */ = {
			isa = PBXTargetDependency;
			target = 71C417EE255530B600FAD5B2 /* HelloGitHub */;
			targetProxy = 71C41811255530B900FAD5B2 /* PBXContainerItemProxy */;
		};
/* End PBXTargetDependency section */

/* Begin PBXVariantGroup section */
		71C417F8255530B600FAD5B2 /* Main.storyboard */ = {
			isa = PBXVariantGroup;
			children = (
				71C417F9255530B600FAD5B2 /* Base */,
			);
			name = Main.storyboard;
			sourceTree = "<group>";
		};
		71C417FD255530B900FAD5B2 /* LaunchScreen.storyboard */ = {
			isa = PBXVariantGroup;
			children = (
				71C417FE255530B900FAD5B2 /* Base */,
			);
			name = LaunchScreen.storyboard;
			sourceTree = "<group>";
		};
/* End PBXVariantGroup section */

/* Begin XCBuildConfiguration section */
		71C41817255530B900FAD5B2 /* Debug */ = {
			isa = XCBuildConfiguration;
			buildSettings = {
				ALWAYS_SEARCH_USER_PATHS = NO;
				CLANG_ANALYZER_NONNULL = YES;
				CLANG_ANALYZER_NUMBER_OBJECT_CONVERSION = YES_AGGRESSIVE;
				CLANG_CXX_LANGUAGE_STANDARD = "gnu++14";
				CLANG_CXX_LIBRARY = "libc++";
				CLANG_ENABLE_MODULES = YES;
				CLANG_ENABLE_OBJC_ARC = YES;
				CLANG_ENABLE_OBJC_WEAK = YES;
				CLANG_WARN_BLOCK_CAPTURE_AUTORELEASING = YES;
				CLANG_WARN_BOOL_CONVERSION = YES;
				CLANG_WARN_COMMA = YES;
				CLANG_WARN_CONSTANT_CONVERSION = YES;
				CLANG_WARN_DEPRECATED_OBJC_IMPLEMENTATIONS = YES;
				CLANG_WARN_DIRECT_OBJC_ISA_USAGE = YES_ERROR;
				CLANG_WARN_DOCUMENTATION_COMMENTS = YES;
				CLANG_WARN_EMPTY_BODY = YES;
				CLANG_WARN_ENUM_CONVERSION = YES;
				CLANG_WARN_INFINITE_RECURSION = YES;
				CLANG_WARN_INT_CONVERSION = YES;
				CLANG_WARN_NON_LITERAL_NULL_CONVERSION = YES;
				CLANG_WARN_OBJC_IMPLICIT_RETAIN_SELF = YES;
				CLANG_WARN_OBJC_LITERAL_CONVERSION = YES;
				CLANG_WARN_OBJC_ROOT_CLASS = YES_ERROR;
				CLANG_WARN_QUOTED_INCLUDE_IN_FRAMEWORK_HEADER = YES;
				CLANG_WARN_RANGE_LOOP_ANALYSIS = YES;
				CLANG_WARN_STRICT_PROTOTYPES = YES;
				CLANG_WARN_SUSPICIOUS_MOVE = YES;
				CLANG_WARN_UNGUARDED_AVAILABILITY = YES_AGGRESSIVE;
				CLANG_WARN_UNREACHABLE_CODE = YES;
				CLANG_WARN__DUPLICATE_METHOD_MATCH = YES;
				COPY_PHASE_STRIP = NO;
				DEBUG_INFORMATION_FORMAT = dwarf;
				ENABLE_STRICT_OBJC_MSGSEND = YES;
				ENABLE_TESTABILITY = YES;
				GCC_C_LANGUAGE_STANDARD = gnu11;
				GCC_DYNAMIC_NO_PIC = NO;
				GCC_NO_COMMON_BLOCKS = YES;
				GCC_OPTIMIZATION_LEVEL = 0;
				GCC_PREPROCESSOR_DEFINITIONS = (
					"DEBUG=1",
					"$(inherited)",
				);
				GCC_WARN_64_TO_32_BIT_CONVERSION = YES;
				GCC_WARN_ABOUT_RETURN_TYPE = YES_ERROR;
				GCC_WARN_UNDECLARED_SELECTOR = YES;
				GCC_WARN_UNINITIALIZED_AUTOS = YES_AGGRESSIVE;
				GCC_WARN_UNUSED_FUNCTION = YES;
				GCC_WARN_UNUSED_VARIABLE = YES;
				IPHONEOS_DEPLOYMENT_TARGET = 14.1;
				MTL_ENABLE_DEBUG_INFO = INCLUDE_SOURCE;
				MTL_FAST_MATH = YES;
				ONLY_ACTIVE_ARCH = YES;
				SDKROOT = iphoneos;
				SWIFT_ACTIVE_COMPILATION_CONDITIONS = DEBUG;
				SWIFT_OPTIMIZATION_LEVEL = "-Onone";
			};
			name = Debug;
		};
		71C41818255530B900FAD5B2 /* Release */ = {
			isa = XCBuildConfiguration;
			buildSettings = {
				ALWAYS_SEARCH_USER_PATHS = NO;
				CLANG_ANALYZER_NONNULL = YES;
				CLANG_ANALYZER_NUMBER_OBJECT_CONVERSION = YES_AGGRESSIVE;
				CLANG_CXX_LANGUAGE_STANDARD = "gnu++14";
				CLANG_CXX_LIBRARY = "libc++";
				CLANG_ENABLE_MODULES = YES;
				CLANG_ENABLE_OBJC_ARC = YES;
				CLANG_ENABLE_OBJC_WEAK = YES;
				CLANG_WARN_BLOCK_CAPTURE_AUTORELEASING = YES;
				CLANG_WARN_BOOL_CONVERSION = YES;
				CLANG_WARN_COMMA = YES;
				CLANG_WARN_CONSTANT_CONVERSION = YES;
				CLANG_WARN_DEPRECATED_OBJC_IMPLEMENTATIONS = YES;
				CLANG_WARN_DIRECT_OBJC_ISA_USAGE = YES_ERROR;
				CLANG_WARN_DOCUMENTATION_COMMENTS = YES;
				CLANG_WARN_EMPTY_BODY = YES;
				CLANG_WARN_ENUM_CONVERSION = YES;
				CLANG_WARN_INFINITE_RECURSION = YES;
				CLANG_WARN_INT_CONVERSION = YES;
				CLANG_WARN_NON_LITERAL_NULL_CONVERSION = YES;
				CLANG_WARN_OBJC_IMPLICIT_RETAIN_SELF = YES;
				CLANG_WARN_OBJC_LITERAL_CONVERSION = YES;
				CLANG_WARN_OBJC_ROOT_CLASS = YES_ERROR;
				CLANG_WARN_QUOTED_INCLUDE_IN_FRAMEWORK_HEADER = YES;
				CLANG_WARN_RANGE_LOOP_ANALYSIS = YES;
				CLANG_WARN_STRICT_PROTOTYPES = YES;
				CLANG_WARN_SUSPICIOUS_MOVE = YES;
				CLANG_WARN_UNGUARDED_AVAILABILITY = YES_AGGRESSIVE;
				CLANG_WARN_UNREACHABLE_CODE = YES;
				CLANG_WARN__DUPLICATE_METHOD_MATCH = YES;
				COPY_PHASE_STRIP = NO;
				DEBUG_INFORMATION_FORMAT = "dwarf-with-dsym";
				ENABLE_NS_ASSERTIONS = NO;
				ENABLE_STRICT_OBJC_MSGSEND = YES;
				GCC_C_LANGUAGE_STANDARD = gnu11;
				GCC_NO_COMMON_BLOCKS = YES;
				GCC_WARN_64_TO_32_BIT_CONVERSION = YES;
				GCC_WARN_ABOUT_RETURN_TYPE = YES_ERROR;
				GCC_WARN_UNDECLARED_SELECTOR = YES;
				GCC_WARN_UNINITIALIZED_AUTOS = YES_AGGRESSIVE;
				GCC_WARN_UNUSED_FUNCTION = YES;
				GCC_WARN_UNUSED_VARIABLE = YES;
				IPHONEOS_DEPLOYMENT_TARGET = 14.1;
				MTL_ENABLE_DEBUG_INFO = NO;
				MTL_FAST_MATH = YES;
				SDKROOT = iphoneos;
				SWIFT_COMPILATION_MODE = wholemodule;
				SWIFT_OPTIMIZATION_LEVEL = "-O";
				VALIDATE_PRODUCT = YES;
			};
			name = Release;
		};
		71C4181A255530B900FAD5B2 /* Debug */ = {
			isa = XCBuildConfiguration;
			buildSettings = {
				ASSETCATALOG_COMPILER_APPICON_NAME = AppIcon;
				ASSETCATALOG_COMPILER_GLOBAL_ACCENT_COLOR_NAME = AccentColor;
				CODE_SIGN_STYLE = Automatic;
				INFOPLIST_FILE = HelloGitHub/Info.plist;
				LD_RUNPATH_SEARCH_PATHS = (
					"$(inherited)",
					"@executable_path/Frameworks",
				);
				PRODUCT_BUNDLE_IDENTIFIER = com.tt.HelloGitHub;
				PRODUCT_NAME = "$(TARGET_NAME)";
				SWIFT_VERSION = 5.0;
				TARGETED_DEVICE_FAMILY = "1,2";
			};
			name = Debug;
		};
		71C4181B255530B900FAD5B2 /* Release */ = {
			isa = XCBuildConfiguration;
			buildSettings = {
				ASSETCATALOG_COMPILER_APPICON_NAME = AppIcon;
				ASSETCATALOG_COMPILER_GLOBAL_ACCENT_COLOR_NAME = AccentColor;
				CODE_SIGN_STYLE = Automatic;
				INFOPLIST_FILE = HelloGitHub/Info.plist;
				LD_RUNPATH_SEARCH_PATHS = (
					"$(inherited)",
					"@executable_path/Frameworks",
				);
				PRODUCT_BUNDLE_IDENTIFIER = com.tt.HelloGitHub;
				PRODUCT_NAME = "$(TARGET_NAME)";
				SWIFT_VERSION = 5.0;
				TARGETED_DEVICE_FAMILY = "1,2";
			};
			name = Release;
		};
		71C4181D255530B900FAD5B2 /* Debug */ = {
			isa = XCBuildConfiguration;
			buildSettings = {
				ALWAYS_EMBED_SWIFT_STANDARD_LIBRARIES = YES;
				BUNDLE_LOADER = "$(TEST_HOST)";
				CODE_SIGN_STYLE = Automatic;
				INFOPLIST_FILE = HelloGitHubTests/Info.plist;
				IPHONEOS_DEPLOYMENT_TARGET = 14.1;
				LD_RUNPATH_SEARCH_PATHS = (
					"$(inherited)",
					"@executable_path/Frameworks",
					"@loader_path/Frameworks",
				);
				PRODUCT_BUNDLE_IDENTIFIER = com.tt.HelloGitHubTests;
				PRODUCT_NAME = "$(TARGET_NAME)";
				SWIFT_VERSION = 5.0;
				TARGETED_DEVICE_FAMILY = "1,2";
				TEST_HOST = "$(BUILT_PRODUCTS_DIR)/HelloGitHub.app/HelloGitHub";
			};
			name = Debug;
		};
		71C4181E255530B900FAD5B2 /* Release */ = {
			isa = XCBuildConfiguration;
			buildSettings = {
				ALWAYS_EMBED_SWIFT_STANDARD_LIBRARIES = YES;
				BUNDLE_LOADER = "$(TEST_HOST)";
				CODE_SIGN_STYLE = Automatic;
				INFOPLIST_FILE = HelloGitHubTests/Info.plist;
				IPHONEOS_DEPLOYMENT_TARGET = 14.1;
				LD_RUNPATH_SEARCH_PATHS = (
					"$(inherited)",
					"@executable_path/Frameworks",
					"@loader_path/Frameworks",
				);
				PRODUCT_BUNDLE_IDENTIFIER = com.tt.HelloGitHubTests;
				PRODUCT_NAME = "$(TARGET_NAME)";
				SWIFT_VERSION = 5.0;
				TARGETED_DEVICE_FAMILY = "1,2";
				TEST_HOST = "$(BUILT_PRODUCTS_DIR)/HelloGitHub.app/HelloGitHub";
			};
			name = Release;
		};
		71C41820255530B900FAD5B2 /* Debug */ = {
			isa = XCBuildConfiguration;
			buildSettings = {
				ALWAYS_EMBED_SWIFT_STANDARD_LIBRARIES = YES;
				CODE_SIGN_STYLE = Automatic;
				INFOPLIST_FILE = HelloGitHubUITests/Info.plist;
				LD_RUNPATH_SEARCH_PATHS = (
					"$(inherited)",
					"@executable_path/Frameworks",
					"@loader_path/Frameworks",
				);
				PRODUCT_BUNDLE_IDENTIFIER = com.tt.HelloGitHubUITests;
				PRODUCT_NAME = "$(TARGET_NAME)";
				SWIFT_VERSION = 5.0;
				TARGETED_DEVICE_FAMILY = "1,2";
				TEST_TARGET_NAME = HelloGitHub;
			};
			name = Debug;
		};
		71C41821255530B900FAD5B2 /* Release */ = {
			isa = XCBuildConfiguration;
			buildSettings = {
				ALWAYS_EMBED_SWIFT_STANDARD_LIBRARIES = YES;
				CODE_SIGN_STYLE = Automatic;
				INFOPLIST_FILE = HelloGitHubUITests/Info.plist;
				LD_RUNPATH_SEARCH_PATHS = (
					"$(inherited)",
					"@executable_path/Frameworks",
					"@loader_path/Frameworks",
				);
				PRODUCT_BUNDLE_IDENTIFIER = com.tt.HelloGitHubUITests;
				PRODUCT_NAME = "$(TARGET_NAME)";
				SWIFT_VERSION = 5.0;
				TARGETED_DEVICE_FAMILY = "1,2";
				TEST_TARGET_NAME = HelloGitHub;
			};
			name = Release;
		};
/* End XCBuildConfiguration section */

/* Begin XCConfigurationList section */
		71C417EA255530B600FAD5B2 /* Build configuration list for PBXProject "HelloGitHub" */ = {
			isa = XCConfigurationList;
			buildConfigurations = (
				71C41817255530B900FAD5B2 /* Debug */,
				71C41818255530B900FAD5B2 /* Release */,
			);
			defaultConfigurationIsVisible = 0;
			defaultConfigurationName = Release;
		};
		71C41819255530B900FAD5B2 /* Build configuration list for PBXNativeTarget "HelloGitHub" */ = {
			isa = XCConfigurationList;
			buildConfigurations = (
				71C4181A255530B900FAD5B2 /* Debug */,
				71C4181B255530B900FAD5B2 /* Release */,
			);
			defaultConfigurationIsVisible = 0;
			defaultConfigurationName = Release;
		};
		71C4181C255530B900FAD5B2 /* Build configuration list for PBXNativeTarget "HelloGitHubTests" */ = {
			isa = XCConfigurationList;
			buildConfigurations = (
				71C4181D255530B900FAD5B2 /* Debug */,
				71C4181E255530B900FAD5B2 /* Release */,
			);
			defaultConfigurationIsVisible = 0;
			defaultConfigurationName = Release;
		};
		71C4181F255530B900FAD5B2 /* Build configuration list for PBXNativeTarget "HelloGitHubUITests" */ = {
			isa = XCConfigurationList;
			buildConfigurations = (
				71C41820255530B900FAD5B2 /* Debug */,
				71C41821255530B900FAD5B2 /* Release */,
			);
			defaultConfigurationIsVisible = 0;
			defaultConfigurationName = Release;
		};
/* End XCConfigurationList section */
	};
	rootObject = 71C417E7255530B600FAD5B2 /* Project object */;
}
